// !$*UTF8*$!
{
	archiveVersion = 1;
	classes = {
	};
	objectVersion = 46;
	objects = {

/* Begin PBXBuildFile section */
		D80792941B799A41002D424A /* Result.framework in Frameworks */ = {isa = PBXBuildFile; fileRef = D80792921B799A41002D424A /* Result.framework */; };
		D826D98C1B79C75900BC6D32 /* Error.swift in Sources */ = {isa = PBXBuildFile; fileRef = D826D98B1B79C75900BC6D32 /* Error.swift */; };
		D87666561B76660D00027E54 /* LightningKit.h in Headers */ = {isa = PBXBuildFile; fileRef = D87666551B76660D00027E54 /* LightningKit.h */; settings = {ATTRIBUTES = (Public, ); }; };
		D8A0CB3B1BA6406C00D43E17 /* Environment.swift in Sources */ = {isa = PBXBuildFile; fileRef = D8A0CB3A1BA6406C00D43E17 /* Environment.swift */; };
		D8A0CB3F1BA6502400D43E17 /* Transaction.swift in Sources */ = {isa = PBXBuildFile; fileRef = D8A0CB3E1BA6502400D43E17 /* Transaction.swift */; };
		D8A0CB411BA653E400D43E17 /* Database.swift in Sources */ = {isa = PBXBuildFile; fileRef = D8A0CB401BA653E400D43E17 /* Database.swift */; };
		D8A0CB451BA683E300D43E17 /* Cursor.swift in Sources */ = {isa = PBXBuildFile; fileRef = D8A0CB441BA683E300D43E17 /* Cursor.swift */; };
		D8CE16F71BADD6DC00DE22DA /* Result.swift in Sources */ = {isa = PBXBuildFile; fileRef = D8CE16F61BADD6DC00DE22DA /* Result.swift */; };
		D8CE16F91BADDDF700DE22DA /* ByteBuffer.swift in Sources */ = {isa = PBXBuildFile; fileRef = D8CE16F81BADDDF700DE22DA /* ByteBuffer.swift */; };
		D8CE17351BAE256B00DE22DA /* LMDB.framework in Frameworks */ = {isa = PBXBuildFile; fileRef = D8CE17341BAE256B00DE22DA /* LMDB.framework */; };
		D8CE17511BAE2E7A00DE22DA /* LightningKit.framework in Frameworks */ = {isa = PBXBuildFile; fileRef = D87666501B76660D00027E54 /* LightningKit.framework */; };
		D8CE17571BAE2E8800DE22DA /* LightningKitTests.swift in Sources */ = {isa = PBXBuildFile; fileRef = D826D9891B79C3A100BC6D32 /* LightningKitTests.swift */; };
		D8CE175B1BAE2EE000DE22DA /* LMDB.framework in CopyFiles */ = {isa = PBXBuildFile; fileRef = D8CE17341BAE256B00DE22DA /* LMDB.framework */; };
		D8CE175C1BAE2EE000DE22DA /* Result.framework in CopyFiles */ = {isa = PBXBuildFile; fileRef = D80792921B799A41002D424A /* Result.framework */; };
		D8CE175D1BAE2F8900DE22DA /* Result.framework in Frameworks */ = {isa = PBXBuildFile; fileRef = D80792921B799A41002D424A /* Result.framework */; };
		D8CE176D1BAE376000DE22DA /* LightningKit.framework in Frameworks */ = {isa = PBXBuildFile; fileRef = D8CE17631BAE375F00DE22DA /* LightningKit.framework */; };
		D8CE177A1BAE379C00DE22DA /* LightningKitTests.swift in Sources */ = {isa = PBXBuildFile; fileRef = D826D9891B79C3A100BC6D32 /* LightningKitTests.swift */; };
		D8CE177B1BAE37A300DE22DA /* LightningKit.h in Headers */ = {isa = PBXBuildFile; fileRef = D87666551B76660D00027E54 /* LightningKit.h */; settings = {ATTRIBUTES = (Public, ); }; };
		D8CE177C1BAE37AA00DE22DA /* ByteBuffer.swift in Sources */ = {isa = PBXBuildFile; fileRef = D8CE16F81BADDDF700DE22DA /* ByteBuffer.swift */; };
		D8CE177D1BAE37AA00DE22DA /* Cursor.swift in Sources */ = {isa = PBXBuildFile; fileRef = D8A0CB441BA683E300D43E17 /* Cursor.swift */; };
		D8CE177E1BAE37AA00DE22DA /* Database.swift in Sources */ = {isa = PBXBuildFile; fileRef = D8A0CB401BA653E400D43E17 /* Database.swift */; };
		D8CE177F1BAE37AA00DE22DA /* Environment.swift in Sources */ = {isa = PBXBuildFile; fileRef = D8A0CB3A1BA6406C00D43E17 /* Environment.swift */; };
		D8CE17801BAE37AA00DE22DA /* Error.swift in Sources */ = {isa = PBXBuildFile; fileRef = D826D98B1B79C75900BC6D32 /* Error.swift */; };
		D8CE17811BAE37AA00DE22DA /* Result.swift in Sources */ = {isa = PBXBuildFile; fileRef = D8CE16F61BADD6DC00DE22DA /* Result.swift */; };
		D8CE17821BAE37AA00DE22DA /* Store.swift in Sources */ = {isa = PBXBuildFile; fileRef = D8EF54D31BAD1331007EF9DA /* Store.swift */; };
		D8CE17831BAE37AA00DE22DA /* Transaction.swift in Sources */ = {isa = PBXBuildFile; fileRef = D8A0CB3E1BA6502400D43E17 /* Transaction.swift */; };
		D8CE17861BAE385500DE22DA /* LMDB.framework in Frameworks */ = {isa = PBXBuildFile; fileRef = D8CE17841BAE385500DE22DA /* LMDB.framework */; };
		D8CE17871BAE385500DE22DA /* Result.framework in Frameworks */ = {isa = PBXBuildFile; fileRef = D8CE17851BAE385500DE22DA /* Result.framework */; };
		D8CE178B1BAE387600DE22DA /* LMDB.framework in CopyFiles */ = {isa = PBXBuildFile; fileRef = D8CE17841BAE385500DE22DA /* LMDB.framework */; };
		D8CE178C1BAE387600DE22DA /* Result.framework in CopyFiles */ = {isa = PBXBuildFile; fileRef = D8CE17851BAE385500DE22DA /* Result.framework */; };
		D8CE178D1BAE38BE00DE22DA /* Result.framework in Frameworks */ = {isa = PBXBuildFile; fileRef = D8CE17851BAE385500DE22DA /* Result.framework */; };
		D8CE17951BAE3AAA00DE22DA /* AppDelegate.swift in Sources */ = {isa = PBXBuildFile; fileRef = D8CE17941BAE3AAA00DE22DA /* AppDelegate.swift */; };
		D8CE17971BAE3AAA00DE22DA /* ViewController.swift in Sources */ = {isa = PBXBuildFile; fileRef = D8CE17961BAE3AAA00DE22DA /* ViewController.swift */; };
		D8CE179A1BAE3AAA00DE22DA /* Main.storyboard in Resources */ = {isa = PBXBuildFile; fileRef = D8CE17981BAE3AAA00DE22DA /* Main.storyboard */; };
		D8CE179C1BAE3AAB00DE22DA /* Assets.xcassets in Resources */ = {isa = PBXBuildFile; fileRef = D8CE179B1BAE3AAB00DE22DA /* Assets.xcassets */; };
		D8CE179F1BAE3AAB00DE22DA /* LaunchScreen.storyboard in Resources */ = {isa = PBXBuildFile; fileRef = D8CE179D1BAE3AAB00DE22DA /* LaunchScreen.storyboard */; };
		D8CE17A41BAE3CF000DE22DA /* LightningKit.framework in Frameworks */ = {isa = PBXBuildFile; fileRef = D8CE17631BAE375F00DE22DA /* LightningKit.framework */; };
		D8CE17A51BAE3CF000DE22DA /* LightningKit.framework in Embed Frameworks */ = {isa = PBXBuildFile; fileRef = D8CE17631BAE375F00DE22DA /* LightningKit.framework */; settings = {ATTRIBUTES = (CodeSignOnCopy, RemoveHeadersOnCopy, ); }; };
		D8CE17A91BAE3CFB00DE22DA /* Result.framework in Frameworks */ = {isa = PBXBuildFile; fileRef = D8CE17851BAE385500DE22DA /* Result.framework */; };
		D8CE17AA1BAE3CFB00DE22DA /* Result.framework in Embed Frameworks */ = {isa = PBXBuildFile; fileRef = D8CE17851BAE385500DE22DA /* Result.framework */; settings = {ATTRIBUTES = (CodeSignOnCopy, RemoveHeadersOnCopy, ); }; };
		D8CE17AB1BAE3D1700DE22DA /* LMDB.framework in Frameworks */ = {isa = PBXBuildFile; fileRef = D8CE17841BAE385500DE22DA /* LMDB.framework */; };
		D8CE17AC1BAE3D1700DE22DA /* LMDB.framework in Embed Frameworks */ = {isa = PBXBuildFile; fileRef = D8CE17841BAE385500DE22DA /* LMDB.framework */; settings = {ATTRIBUTES = (CodeSignOnCopy, RemoveHeadersOnCopy, ); }; };
		D8EF54D41BAD1331007EF9DA /* Store.swift in Sources */ = {isa = PBXBuildFile; fileRef = D8EF54D31BAD1331007EF9DA /* Store.swift */; };
/* End PBXBuildFile section */

/* Begin PBXContainerItemProxy section */
		D8CE17521BAE2E7A00DE22DA /* PBXContainerItemProxy */ = {
			isa = PBXContainerItemProxy;
			containerPortal = D87666471B76660D00027E54 /* Project object */;
			proxyType = 1;
			remoteGlobalIDString = D876664F1B76660D00027E54;
			remoteInfo = LightningKit;
		};
		D8CE176E1BAE376000DE22DA /* PBXContainerItemProxy */ = {
			isa = PBXContainerItemProxy;
			containerPortal = D87666471B76660D00027E54 /* Project object */;
			proxyType = 1;
			remoteGlobalIDString = D8CE17621BAE375F00DE22DA;
			remoteInfo = LightningKit;
		};
		D8CE17A61BAE3CF000DE22DA /* PBXContainerItemProxy */ = {
			isa = PBXContainerItemProxy;
			containerPortal = D87666471B76660D00027E54 /* Project object */;
			proxyType = 1;
			remoteGlobalIDString = D8CE17621BAE375F00DE22DA;
			remoteInfo = "LightningKit-iOS";
		};
/* End PBXContainerItemProxy section */

/* Begin PBXCopyFilesBuildPhase section */
		D8CE175A1BAE2ED400DE22DA /* CopyFiles */ = {
			isa = PBXCopyFilesBuildPhase;
			buildActionMask = 2147483647;
			dstPath = "";
			dstSubfolderSpec = 16;
			files = (
				D8CE175B1BAE2EE000DE22DA /* LMDB.framework in CopyFiles */,
				D8CE175C1BAE2EE000DE22DA /* Result.framework in CopyFiles */,
			);
			runOnlyForDeploymentPostprocessing = 0;
		};
		D8CE17881BAE385F00DE22DA /* CopyFiles */ = {
			isa = PBXCopyFilesBuildPhase;
			buildActionMask = 2147483647;
			dstPath = "";
			dstSubfolderSpec = 16;
			files = (
				D8CE178B1BAE387600DE22DA /* LMDB.framework in CopyFiles */,
				D8CE178C1BAE387600DE22DA /* Result.framework in CopyFiles */,
			);
			runOnlyForDeploymentPostprocessing = 0;
		};
		D8CE17A81BAE3CF100DE22DA /* Embed Frameworks */ = {
			isa = PBXCopyFilesBuildPhase;
			buildActionMask = 2147483647;
			dstPath = "";
			dstSubfolderSpec = 10;
			files = (
				D8CE17A51BAE3CF000DE22DA /* LightningKit.framework in Embed Frameworks */,
				D8CE17AA1BAE3CFB00DE22DA /* Result.framework in Embed Frameworks */,
				D8CE17AC1BAE3D1700DE22DA /* LMDB.framework in Embed Frameworks */,
			);
			name = "Embed Frameworks";
			runOnlyForDeploymentPostprocessing = 0;
		};
/* End PBXCopyFilesBuildPhase section */

/* Begin PBXFileReference section */
		D80792921B799A41002D424A /* Result.framework */ = {isa = PBXFileReference; lastKnownFileType = wrapper.framework; name = Result.framework; path = Carthage/Build/Mac/Result.framework; sourceTree = "<group>"; };
		D826D9891B79C3A100BC6D32 /* LightningKitTests.swift */ = {isa = PBXFileReference; fileEncoding = 4; lastKnownFileType = sourcecode.swift; path = LightningKitTests.swift; sourceTree = "<group>"; };
		D826D98B1B79C75900BC6D32 /* Error.swift */ = {isa = PBXFileReference; fileEncoding = 4; lastKnownFileType = sourcecode.swift; path = Error.swift; sourceTree = "<group>"; };
		D87666501B76660D00027E54 /* LightningKit.framework */ = {isa = PBXFileReference; explicitFileType = wrapper.framework; includeInIndex = 0; path = LightningKit.framework; sourceTree = BUILT_PRODUCTS_DIR; };
		D87666541B76660D00027E54 /* Info.plist */ = {isa = PBXFileReference; lastKnownFileType = text.plist.xml; path = Info.plist; sourceTree = "<group>"; };
		D87666551B76660D00027E54 /* LightningKit.h */ = {isa = PBXFileReference; lastKnownFileType = sourcecode.c.h; path = LightningKit.h; sourceTree = "<group>"; };
		D87666621B76660D00027E54 /* Info.plist */ = {isa = PBXFileReference; lastKnownFileType = text.plist.xml; path = Info.plist; sourceTree = "<group>"; };
		D8A0CB3A1BA6406C00D43E17 /* Environment.swift */ = {isa = PBXFileReference; fileEncoding = 4; lastKnownFileType = sourcecode.swift; path = Environment.swift; sourceTree = "<group>"; };
		D8A0CB3E1BA6502400D43E17 /* Transaction.swift */ = {isa = PBXFileReference; fileEncoding = 4; lastKnownFileType = sourcecode.swift; path = Transaction.swift; sourceTree = "<group>"; };
		D8A0CB401BA653E400D43E17 /* Database.swift */ = {isa = PBXFileReference; fileEncoding = 4; lastKnownFileType = sourcecode.swift; path = Database.swift; sourceTree = "<group>"; };
		D8A0CB441BA683E300D43E17 /* Cursor.swift */ = {isa = PBXFileReference; fileEncoding = 4; lastKnownFileType = sourcecode.swift; path = Cursor.swift; sourceTree = "<group>"; };
		D8CE16F61BADD6DC00DE22DA /* Result.swift */ = {isa = PBXFileReference; fileEncoding = 4; lastKnownFileType = sourcecode.swift; path = Result.swift; sourceTree = "<group>"; };
		D8CE16F81BADDDF700DE22DA /* ByteBuffer.swift */ = {isa = PBXFileReference; fileEncoding = 4; lastKnownFileType = sourcecode.swift; path = ByteBuffer.swift; sourceTree = "<group>"; };
		D8CE17341BAE256B00DE22DA /* LMDB.framework */ = {isa = PBXFileReference; lastKnownFileType = wrapper.framework; name = LMDB.framework; path = Carthage/Build/Mac/LMDB.framework; sourceTree = "<group>"; };
		D8CE174C1BAE2E7A00DE22DA /* LightningKitTests-Mac.xctest */ = {isa = PBXFileReference; explicitFileType = wrapper.cfbundle; includeInIndex = 0; path = "LightningKitTests-Mac.xctest"; sourceTree = BUILT_PRODUCTS_DIR; };
		D8CE17631BAE375F00DE22DA /* LightningKit.framework */ = {isa = PBXFileReference; explicitFileType = wrapper.framework; includeInIndex = 0; path = LightningKit.framework; sourceTree = BUILT_PRODUCTS_DIR; };
		D8CE176C1BAE375F00DE22DA /* LightningKitTests-iOS.xctest */ = {isa = PBXFileReference; explicitFileType = wrapper.cfbundle; includeInIndex = 0; path = "LightningKitTests-iOS.xctest"; sourceTree = BUILT_PRODUCTS_DIR; };
		D8CE17841BAE385500DE22DA /* LMDB.framework */ = {isa = PBXFileReference; lastKnownFileType = wrapper.framework; name = LMDB.framework; path = Carthage/Build/iOS/LMDB.framework; sourceTree = "<group>"; };
		D8CE17851BAE385500DE22DA /* Result.framework */ = {isa = PBXFileReference; lastKnownFileType = wrapper.framework; name = Result.framework; path = Carthage/Build/iOS/Result.framework; sourceTree = "<group>"; };
		D8CE17921BAE3AAA00DE22DA /* LKDemo.app */ = {isa = PBXFileReference; explicitFileType = wrapper.application; includeInIndex = 0; path = LKDemo.app; sourceTree = BUILT_PRODUCTS_DIR; };
		D8CE17941BAE3AAA00DE22DA /* AppDelegate.swift */ = {isa = PBXFileReference; lastKnownFileType = sourcecode.swift; path = AppDelegate.swift; sourceTree = "<group>"; };
		D8CE17961BAE3AAA00DE22DA /* ViewController.swift */ = {isa = PBXFileReference; lastKnownFileType = sourcecode.swift; path = ViewController.swift; sourceTree = "<group>"; };
		D8CE17991BAE3AAA00DE22DA /* Base */ = {isa = PBXFileReference; lastKnownFileType = file.storyboard; name = Base; path = Base.lproj/Main.storyboard; sourceTree = "<group>"; };
		D8CE179B1BAE3AAB00DE22DA /* Assets.xcassets */ = {isa = PBXFileReference; lastKnownFileType = folder.assetcatalog; path = Assets.xcassets; sourceTree = "<group>"; };
		D8CE179E1BAE3AAB00DE22DA /* Base */ = {isa = PBXFileReference; lastKnownFileType = file.storyboard; name = Base; path = Base.lproj/LaunchScreen.storyboard; sourceTree = "<group>"; };
		D8CE17A01BAE3AAB00DE22DA /* Info.plist */ = {isa = PBXFileReference; lastKnownFileType = text.plist.xml; path = Info.plist; sourceTree = "<group>"; };
		D8EF54D31BAD1331007EF9DA /* Store.swift */ = {isa = PBXFileReference; fileEncoding = 4; lastKnownFileType = sourcecode.swift; path = Store.swift; sourceTree = "<group>"; };
/* End PBXFileReference section */

/* Begin PBXFrameworksBuildPhase section */
		D876664C1B76660D00027E54 /* Frameworks */ = {
			isa = PBXFrameworksBuildPhase;
			buildActionMask = 2147483647;
			files = (
				D8CE17351BAE256B00DE22DA /* LMDB.framework in Frameworks */,
				D80792941B799A41002D424A /* Result.framework in Frameworks */,
			);
			runOnlyForDeploymentPostprocessing = 0;
		};
		D8CE17491BAE2E7A00DE22DA /* Frameworks */ = {
			isa = PBXFrameworksBuildPhase;
			buildActionMask = 2147483647;
			files = (
				D8CE175D1BAE2F8900DE22DA /* Result.framework in Frameworks */,
				D8CE17511BAE2E7A00DE22DA /* LightningKit.framework in Frameworks */,
			);
			runOnlyForDeploymentPostprocessing = 0;
		};
		D8CE175F1BAE375F00DE22DA /* Frameworks */ = {
			isa = PBXFrameworksBuildPhase;
			buildActionMask = 2147483647;
			files = (
				D8CE17861BAE385500DE22DA /* LMDB.framework in Frameworks */,
				D8CE17871BAE385500DE22DA /* Result.framework in Frameworks */,
			);
			runOnlyForDeploymentPostprocessing = 0;
		};
		D8CE17691BAE375F00DE22DA /* Frameworks */ = {
			isa = PBXFrameworksBuildPhase;
			buildActionMask = 2147483647;
			files = (
				D8CE178D1BAE38BE00DE22DA /* Result.framework in Frameworks */,
				D8CE176D1BAE376000DE22DA /* LightningKit.framework in Frameworks */,
			);
			runOnlyForDeploymentPostprocessing = 0;
		};
		D8CE178F1BAE3AAA00DE22DA /* Frameworks */ = {
			isa = PBXFrameworksBuildPhase;
			buildActionMask = 2147483647;
			files = (
				D8CE17A41BAE3CF000DE22DA /* LightningKit.framework in Frameworks */,
				D8CE17A91BAE3CFB00DE22DA /* Result.framework in Frameworks */,
				D8CE17AB1BAE3D1700DE22DA /* LMDB.framework in Frameworks */,
			);
			runOnlyForDeploymentPostprocessing = 0;
		};
/* End PBXFrameworksBuildPhase section */

/* Begin PBXGroup section */
		D80792981B799A89002D424A /* Frameworks */ = {
			isa = PBXGroup;
			children = (
				D8CE17841BAE385500DE22DA /* LMDB.framework */,
				D8CE17851BAE385500DE22DA /* Result.framework */,
				D8CE17341BAE256B00DE22DA /* LMDB.framework */,
				D80792921B799A41002D424A /* Result.framework */,
			);
			name = Frameworks;
			sourceTree = "<group>";
		};
		D87666461B76660D00027E54 = {
			isa = PBXGroup;
			children = (
				D87666521B76660D00027E54 /* Source */,
				D876665F1B76660D00027E54 /* Tests */,
				D8CE17931BAE3AAA00DE22DA /* Demo */,
				D87666511B76660D00027E54 /* Products */,
				D80792981B799A89002D424A /* Frameworks */,
			);
			sourceTree = "<group>";
		};
		D87666511B76660D00027E54 /* Products */ = {
			isa = PBXGroup;
			children = (
				D87666501B76660D00027E54 /* LightningKit.framework */,
				D8CE174C1BAE2E7A00DE22DA /* LightningKitTests-Mac.xctest */,
				D8CE17631BAE375F00DE22DA /* LightningKit.framework */,
				D8CE176C1BAE375F00DE22DA /* LightningKitTests-iOS.xctest */,
				D8CE17921BAE3AAA00DE22DA /* LKDemo.app */,
			);
			name = Products;
			sourceTree = "<group>";
		};
		D87666521B76660D00027E54 /* Source */ = {
			isa = PBXGroup;
			children = (
				D8CE16F81BADDDF700DE22DA /* ByteBuffer.swift */,
				D8A0CB441BA683E300D43E17 /* Cursor.swift */,
				D8A0CB401BA653E400D43E17 /* Database.swift */,
				D8A0CB3A1BA6406C00D43E17 /* Environment.swift */,
				D826D98B1B79C75900BC6D32 /* Error.swift */,
				D8CE16F61BADD6DC00DE22DA /* Result.swift */,
				D8EF54D31BAD1331007EF9DA /* Store.swift */,
				D8A0CB3E1BA6502400D43E17 /* Transaction.swift */,
				D87666551B76660D00027E54 /* LightningKit.h */,
				D87666541B76660D00027E54 /* Info.plist */,
			);
			path = Source;
			sourceTree = "<group>";
		};
		D876665F1B76660D00027E54 /* Tests */ = {
			isa = PBXGroup;
			children = (
				D826D9891B79C3A100BC6D32 /* LightningKitTests.swift */,
				D87666621B76660D00027E54 /* Info.plist */,
			);
			path = Tests;
			sourceTree = "<group>";
		};
		D8CE17931BAE3AAA00DE22DA /* Demo */ = {
			isa = PBXGroup;
			children = (
				D8CE17941BAE3AAA00DE22DA /* AppDelegate.swift */,
				D8CE17961BAE3AAA00DE22DA /* ViewController.swift */,
				D8CE17981BAE3AAA00DE22DA /* Main.storyboard */,
				D8CE179B1BAE3AAB00DE22DA /* Assets.xcassets */,
				D8CE179D1BAE3AAB00DE22DA /* LaunchScreen.storyboard */,
				D8CE17A01BAE3AAB00DE22DA /* Info.plist */,
			);
			path = Demo;
			sourceTree = "<group>";
		};
/* End PBXGroup section */

/* Begin PBXHeadersBuildPhase section */
		D876664D1B76660D00027E54 /* Headers */ = {
			isa = PBXHeadersBuildPhase;
			buildActionMask = 2147483647;
			files = (
				D87666561B76660D00027E54 /* LightningKit.h in Headers */,
			);
			runOnlyForDeploymentPostprocessing = 0;
		};
		D8CE17601BAE375F00DE22DA /* Headers */ = {
			isa = PBXHeadersBuildPhase;
			buildActionMask = 2147483647;
			files = (
				D8CE177B1BAE37A300DE22DA /* LightningKit.h in Headers */,
			);
			runOnlyForDeploymentPostprocessing = 0;
		};
/* End PBXHeadersBuildPhase section */

/* Begin PBXNativeTarget section */
		D876664F1B76660D00027E54 /* LightningKit-Mac */ = {
			isa = PBXNativeTarget;
			buildConfigurationList = D87666651B76660D00027E54 /* Build configuration list for PBXNativeTarget "LightningKit-Mac" */;
			buildPhases = (
				D876664B1B76660D00027E54 /* Sources */,
				D876664C1B76660D00027E54 /* Frameworks */,
				D876664D1B76660D00027E54 /* Headers */,
				D876664E1B76660D00027E54 /* Resources */,
			);
			buildRules = (
			);
			dependencies = (
			);
			name = "LightningKit-Mac";
			productName = LightningKit;
			productReference = D87666501B76660D00027E54 /* LightningKit.framework */;
			productType = "com.apple.product-type.framework";
		};
		D8CE174B1BAE2E7A00DE22DA /* LightningKitTests-Mac */ = {
			isa = PBXNativeTarget;
			buildConfigurationList = D8CE17541BAE2E7A00DE22DA /* Build configuration list for PBXNativeTarget "LightningKitTests-Mac" */;
			buildPhases = (
				D8CE17481BAE2E7A00DE22DA /* Sources */,
				D8CE17491BAE2E7A00DE22DA /* Frameworks */,
				D8CE175A1BAE2ED400DE22DA /* CopyFiles */,
			);
			buildRules = (
			);
			dependencies = (
				D8CE17531BAE2E7A00DE22DA /* PBXTargetDependency */,
			);
			name = "LightningKitTests-Mac";
			productName = LightningKitTests;
			productReference = D8CE174C1BAE2E7A00DE22DA /* LightningKitTests-Mac.xctest */;
			productType = "com.apple.product-type.bundle.unit-test";
		};
		D8CE17621BAE375F00DE22DA /* LightningKit-iOS */ = {
			isa = PBXNativeTarget;
			buildConfigurationList = D8CE17781BAE376000DE22DA /* Build configuration list for PBXNativeTarget "LightningKit-iOS" */;
			buildPhases = (
				D8CE175E1BAE375F00DE22DA /* Sources */,
				D8CE175F1BAE375F00DE22DA /* Frameworks */,
				D8CE17601BAE375F00DE22DA /* Headers */,
				D8CE17611BAE375F00DE22DA /* Resources */,
			);
			buildRules = (
			);
			dependencies = (
			);
			name = "LightningKit-iOS";
			productName = LightningKit;
			productReference = D8CE17631BAE375F00DE22DA /* LightningKit.framework */;
			productType = "com.apple.product-type.framework";
		};
		D8CE176B1BAE375F00DE22DA /* LightningKitTests-iOS */ = {
			isa = PBXNativeTarget;
			buildConfigurationList = D8CE17791BAE376000DE22DA /* Build configuration list for PBXNativeTarget "LightningKitTests-iOS" */;
			buildPhases = (
				D8CE17681BAE375F00DE22DA /* Sources */,
				D8CE17691BAE375F00DE22DA /* Frameworks */,
				D8CE17881BAE385F00DE22DA /* CopyFiles */,
			);
			buildRules = (
			);
			dependencies = (
				D8CE176F1BAE376000DE22DA /* PBXTargetDependency */,
			);
			name = "LightningKitTests-iOS";
			productName = LightningKitTests;
			productReference = D8CE176C1BAE375F00DE22DA /* LightningKitTests-iOS.xctest */;
			productType = "com.apple.product-type.bundle.unit-test";
		};
		D8CE17911BAE3AAA00DE22DA /* LKDemo */ = {
			isa = PBXNativeTarget;
			buildConfigurationList = D8CE17A11BAE3AAB00DE22DA /* Build configuration list for PBXNativeTarget "LKDemo" */;
			buildPhases = (
				D8CE178E1BAE3AAA00DE22DA /* Sources */,
				D8CE178F1BAE3AAA00DE22DA /* Frameworks */,
				D8CE17901BAE3AAA00DE22DA /* Resources */,
				D8CE17A81BAE3CF100DE22DA /* Embed Frameworks */,
			);
			buildRules = (
			);
			dependencies = (
				D8CE17A71BAE3CF000DE22DA /* PBXTargetDependency */,
			);
			name = LKDemo;
			productName = LKDemo;
			productReference = D8CE17921BAE3AAA00DE22DA /* LKDemo.app */;
			productType = "com.apple.product-type.application";
		};
/* End PBXNativeTarget section */

/* Begin PBXProject section */
		D87666471B76660D00027E54 /* Project object */ = {
			isa = PBXProject;
			attributes = {
				LastSwiftUpdateCheck = 0700;
				LastUpgradeCheck = 0710;
				ORGANIZATIONNAME = "Neil Pankey";
				TargetAttributes = {
					D876664F1B76660D00027E54 = {
						CreatedOnToolsVersion = 7.0;
					};
					D8CE174B1BAE2E7A00DE22DA = {
						CreatedOnToolsVersion = 7.0;
					};
					D8CE17621BAE375F00DE22DA = {
						CreatedOnToolsVersion = 7.0;
					};
					D8CE176B1BAE375F00DE22DA = {
						CreatedOnToolsVersion = 7.0;
					};
					D8CE17911BAE3AAA00DE22DA = {
						CreatedOnToolsVersion = 7.0;
					};
				};
			};
			buildConfigurationList = D876664A1B76660D00027E54 /* Build configuration list for PBXProject "LightningKit" */;
			compatibilityVersion = "Xcode 3.2";
			developmentRegion = English;
			hasScannedForEncodings = 0;
			knownRegions = (
				en,
				Base,
			);
			mainGroup = D87666461B76660D00027E54;
			productRefGroup = D87666511B76660D00027E54 /* Products */;
			projectDirPath = "";
			projectRoot = "";
			targets = (
				D876664F1B76660D00027E54 /* LightningKit-Mac */,
				D8CE174B1BAE2E7A00DE22DA /* LightningKitTests-Mac */,
				D8CE17621BAE375F00DE22DA /* LightningKit-iOS */,
				D8CE176B1BAE375F00DE22DA /* LightningKitTests-iOS */,
				D8CE17911BAE3AAA00DE22DA /* LKDemo */,
			);
		};
/* End PBXProject section */

/* Begin PBXResourcesBuildPhase section */
		D876664E1B76660D00027E54 /* Resources */ = {
			isa = PBXResourcesBuildPhase;
			buildActionMask = 2147483647;
			files = (
			);
			runOnlyForDeploymentPostprocessing = 0;
		};
		D8CE17611BAE375F00DE22DA /* Resources */ = {
			isa = PBXResourcesBuildPhase;
			buildActionMask = 2147483647;
			files = (
			);
			runOnlyForDeploymentPostprocessing = 0;
		};
		D8CE17901BAE3AAA00DE22DA /* Resources */ = {
			isa = PBXResourcesBuildPhase;
			buildActionMask = 2147483647;
			files = (
				D8CE179F1BAE3AAB00DE22DA /* LaunchScreen.storyboard in Resources */,
				D8CE179C1BAE3AAB00DE22DA /* Assets.xcassets in Resources */,
				D8CE179A1BAE3AAA00DE22DA /* Main.storyboard in Resources */,
			);
			runOnlyForDeploymentPostprocessing = 0;
		};
/* End PBXResourcesBuildPhase section */

/* Begin PBXSourcesBuildPhase section */
		D876664B1B76660D00027E54 /* Sources */ = {
			isa = PBXSourcesBuildPhase;
			buildActionMask = 2147483647;
			files = (
				D8A0CB451BA683E300D43E17 /* Cursor.swift in Sources */,
				D8CE16F91BADDDF700DE22DA /* ByteBuffer.swift in Sources */,
				D826D98C1B79C75900BC6D32 /* Error.swift in Sources */,
				D8A0CB3B1BA6406C00D43E17 /* Environment.swift in Sources */,
				D8EF54D41BAD1331007EF9DA /* Store.swift in Sources */,
				D8CE16F71BADD6DC00DE22DA /* Result.swift in Sources */,
				D8A0CB411BA653E400D43E17 /* Database.swift in Sources */,
				D8A0CB3F1BA6502400D43E17 /* Transaction.swift in Sources */,
			);
			runOnlyForDeploymentPostprocessing = 0;
		};
		D8CE17481BAE2E7A00DE22DA /* Sources */ = {
			isa = PBXSourcesBuildPhase;
			buildActionMask = 2147483647;
			files = (
				D8CE17571BAE2E8800DE22DA /* LightningKitTests.swift in Sources */,
			);
			runOnlyForDeploymentPostprocessing = 0;
		};
		D8CE175E1BAE375F00DE22DA /* Sources */ = {
			isa = PBXSourcesBuildPhase;
			buildActionMask = 2147483647;
			files = (
				D8CE17821BAE37AA00DE22DA /* Store.swift in Sources */,
				D8CE17811BAE37AA00DE22DA /* Result.swift in Sources */,
				D8CE17831BAE37AA00DE22DA /* Transaction.swift in Sources */,
				D8CE177E1BAE37AA00DE22DA /* Database.swift in Sources */,
				D8CE177F1BAE37AA00DE22DA /* Environment.swift in Sources */,
				D8CE177C1BAE37AA00DE22DA /* ByteBuffer.swift in Sources */,
				D8CE17801BAE37AA00DE22DA /* Error.swift in Sources */,
				D8CE177D1BAE37AA00DE22DA /* Cursor.swift in Sources */,
			);
			runOnlyForDeploymentPostprocessing = 0;
		};
		D8CE17681BAE375F00DE22DA /* Sources */ = {
			isa = PBXSourcesBuildPhase;
			buildActionMask = 2147483647;
			files = (
				D8CE177A1BAE379C00DE22DA /* LightningKitTests.swift in Sources */,
			);
			runOnlyForDeploymentPostprocessing = 0;
		};
		D8CE178E1BAE3AAA00DE22DA /* Sources */ = {
			isa = PBXSourcesBuildPhase;
			buildActionMask = 2147483647;
			files = (
				D8CE17971BAE3AAA00DE22DA /* ViewController.swift in Sources */,
				D8CE17951BAE3AAA00DE22DA /* AppDelegate.swift in Sources */,
			);
			runOnlyForDeploymentPostprocessing = 0;
		};
/* End PBXSourcesBuildPhase section */

/* Begin PBXTargetDependency section */
		D8CE17531BAE2E7A00DE22DA /* PBXTargetDependency */ = {
			isa = PBXTargetDependency;
			target = D876664F1B76660D00027E54 /* LightningKit-Mac */;
			targetProxy = D8CE17521BAE2E7A00DE22DA /* PBXContainerItemProxy */;
		};
		D8CE176F1BAE376000DE22DA /* PBXTargetDependency */ = {
			isa = PBXTargetDependency;
			target = D8CE17621BAE375F00DE22DA /* LightningKit-iOS */;
			targetProxy = D8CE176E1BAE376000DE22DA /* PBXContainerItemProxy */;
		};
		D8CE17A71BAE3CF000DE22DA /* PBXTargetDependency */ = {
			isa = PBXTargetDependency;
			target = D8CE17621BAE375F00DE22DA /* LightningKit-iOS */;
			targetProxy = D8CE17A61BAE3CF000DE22DA /* PBXContainerItemProxy */;
		};
/* End PBXTargetDependency section */

/* Begin PBXVariantGroup section */
		D8CE17981BAE3AAA00DE22DA /* Main.storyboard */ = {
			isa = PBXVariantGroup;
			children = (
				D8CE17991BAE3AAA00DE22DA /* Base */,
			);
			name = Main.storyboard;
			sourceTree = "<group>";
		};
		D8CE179D1BAE3AAB00DE22DA /* LaunchScreen.storyboard */ = {
			isa = PBXVariantGroup;
			children = (
				D8CE179E1BAE3AAB00DE22DA /* Base */,
			);
			name = LaunchScreen.storyboard;
			sourceTree = "<group>";
		};
/* End PBXVariantGroup section */

/* Begin XCBuildConfiguration section */
		D87666631B76660D00027E54 /* Debug */ = {
			isa = XCBuildConfiguration;
			buildSettings = {
				ALWAYS_SEARCH_USER_PATHS = NO;
				CLANG_CXX_LANGUAGE_STANDARD = "gnu++0x";
				CLANG_CXX_LIBRARY = "libc++";
				CLANG_ENABLE_MODULES = YES;
				CLANG_ENABLE_OBJC_ARC = YES;
				CLANG_WARN_BOOL_CONVERSION = YES;
				CLANG_WARN_CONSTANT_CONVERSION = YES;
				CLANG_WARN_DIRECT_OBJC_ISA_USAGE = YES_ERROR;
				CLANG_WARN_EMPTY_BODY = YES;
				CLANG_WARN_ENUM_CONVERSION = YES;
				CLANG_WARN_INT_CONVERSION = YES;
				CLANG_WARN_OBJC_ROOT_CLASS = YES_ERROR;
				CLANG_WARN_UNREACHABLE_CODE = YES;
				CLANG_WARN__DUPLICATE_METHOD_MATCH = YES;
				COPY_PHASE_STRIP = NO;
				CURRENT_PROJECT_VERSION = 1;
				DEBUG_INFORMATION_FORMAT = dwarf;
				ENABLE_STRICT_OBJC_MSGSEND = YES;
				ENABLE_TESTABILITY = YES;
				GCC_C_LANGUAGE_STANDARD = gnu99;
				GCC_DYNAMIC_NO_PIC = NO;
				GCC_NO_COMMON_BLOCKS = YES;
				GCC_OPTIMIZATION_LEVEL = 0;
				GCC_PREPROCESSOR_DEFINITIONS = (
					"DEBUG=1",
					"$(inherited)",
				);
				GCC_SYMBOLS_PRIVATE_EXTERN = NO;
				GCC_WARN_64_TO_32_BIT_CONVERSION = YES;
				GCC_WARN_ABOUT_RETURN_TYPE = YES_ERROR;
				GCC_WARN_UNDECLARED_SELECTOR = YES;
				GCC_WARN_UNINITIALIZED_AUTOS = YES_AGGRESSIVE;
				GCC_WARN_UNUSED_FUNCTION = YES;
				GCC_WARN_UNUSED_VARIABLE = YES;
				MACOSX_DEPLOYMENT_TARGET = 10.10;
				MTL_ENABLE_DEBUG_INFO = YES;
				ONLY_ACTIVE_ARCH = YES;
				SDKROOT = macosx;
				SWIFT_OPTIMIZATION_LEVEL = "-Onone";
				VERSIONING_SYSTEM = "apple-generic";
				VERSION_INFO_PREFIX = "";
			};
			name = Debug;
		};
		D87666641B76660D00027E54 /* Release */ = {
			isa = XCBuildConfiguration;
			buildSettings = {
				ALWAYS_SEARCH_USER_PATHS = NO;
				CLANG_CXX_LANGUAGE_STANDARD = "gnu++0x";
				CLANG_CXX_LIBRARY = "libc++";
				CLANG_ENABLE_MODULES = YES;
				CLANG_ENABLE_OBJC_ARC = YES;
				CLANG_WARN_BOOL_CONVERSION = YES;
				CLANG_WARN_CONSTANT_CONVERSION = YES;
				CLANG_WARN_DIRECT_OBJC_ISA_USAGE = YES_ERROR;
				CLANG_WARN_EMPTY_BODY = YES;
				CLANG_WARN_ENUM_CONVERSION = YES;
				CLANG_WARN_INT_CONVERSION = YES;
				CLANG_WARN_OBJC_ROOT_CLASS = YES_ERROR;
				CLANG_WARN_UNREACHABLE_CODE = YES;
				CLANG_WARN__DUPLICATE_METHOD_MATCH = YES;
				COPY_PHASE_STRIP = YES;
				CURRENT_PROJECT_VERSION = 1;
				DEBUG_INFORMATION_FORMAT = "dwarf-with-dsym";
				ENABLE_NS_ASSERTIONS = NO;
				ENABLE_STRICT_OBJC_MSGSEND = YES;
				GCC_C_LANGUAGE_STANDARD = gnu99;
				GCC_NO_COMMON_BLOCKS = YES;
				GCC_WARN_64_TO_32_BIT_CONVERSION = YES;
				GCC_WARN_ABOUT_RETURN_TYPE = YES_ERROR;
				GCC_WARN_UNDECLARED_SELECTOR = YES;
				GCC_WARN_UNINITIALIZED_AUTOS = YES_AGGRESSIVE;
				GCC_WARN_UNUSED_FUNCTION = YES;
				GCC_WARN_UNUSED_VARIABLE = YES;
				MACOSX_DEPLOYMENT_TARGET = 10.10;
				MTL_ENABLE_DEBUG_INFO = NO;
				SDKROOT = macosx;
				VERSIONING_SYSTEM = "apple-generic";
				VERSION_INFO_PREFIX = "";
			};
			name = Release;
		};
		D87666661B76660D00027E54 /* Debug */ = {
			isa = XCBuildConfiguration;
			buildSettings = {
				CLANG_ENABLE_MODULES = YES;
				COMBINE_HIDPI_IMAGES = YES;
				DEFINES_MODULE = YES;
				DYLIB_COMPATIBILITY_VERSION = 1;
				DYLIB_CURRENT_VERSION = 1;
				DYLIB_INSTALL_NAME_BASE = "@rpath";
				FRAMEWORK_SEARCH_PATHS = (
					"$(inherited)",
					"$(PROJECT_DIR)/Carthage/Build/Mac",
				);
				FRAMEWORK_VERSION = A;
				INFOPLIST_FILE = "$(SRCROOT)/Source/Info.plist";
				INSTALL_PATH = "@rpath";
				LD_RUNPATH_SEARCH_PATHS = "$(inherited) @executable_path/../Frameworks @loader_path/Frameworks";
				LIBRARY_SEARCH_PATHS = (
					"$(inherited)",
					/usr/local/Cellar/lmdb/0.9.14/lib,
				);
				PRODUCT_BUNDLE_IDENTIFIER = "me.neilpa.$(PRODUCT_NAME:rfc1034identifier)";
				PRODUCT_NAME = "$(PROJECT_NAME)";
				SKIP_INSTALL = YES;
				SWIFT_OPTIMIZATION_LEVEL = "-Onone";
			};
			name = Debug;
		};
		D87666671B76660D00027E54 /* Release */ = {
			isa = XCBuildConfiguration;
			buildSettings = {
				CLANG_ENABLE_MODULES = YES;
				COMBINE_HIDPI_IMAGES = YES;
				DEFINES_MODULE = YES;
				DYLIB_COMPATIBILITY_VERSION = 1;
				DYLIB_CURRENT_VERSION = 1;
				DYLIB_INSTALL_NAME_BASE = "@rpath";
				FRAMEWORK_SEARCH_PATHS = (
					"$(inherited)",
					"$(PROJECT_DIR)/Carthage/Build/Mac",
				);
				FRAMEWORK_VERSION = A;
				INFOPLIST_FILE = "$(SRCROOT)/Source/Info.plist";
				INSTALL_PATH = "@rpath";
				LD_RUNPATH_SEARCH_PATHS = "$(inherited) @executable_path/../Frameworks @loader_path/Frameworks";
				LIBRARY_SEARCH_PATHS = (
					"$(inherited)",
					/usr/local/Cellar/lmdb/0.9.14/lib,
				);
				PRODUCT_BUNDLE_IDENTIFIER = "me.neilpa.$(PRODUCT_NAME:rfc1034identifier)";
				PRODUCT_NAME = "$(PROJECT_NAME)";
				SKIP_INSTALL = YES;
			};
			name = Release;
		};
		D8CE17551BAE2E7A00DE22DA /* Debug */ = {
			isa = XCBuildConfiguration;
			buildSettings = {
				COMBINE_HIDPI_IMAGES = YES;
				FRAMEWORK_SEARCH_PATHS = (
					"$(inherited)",
					"$(PROJECT_DIR)/Carthage/Build/Mac",
				);
				INFOPLIST_FILE = Tests/Info.plist;
				LD_RUNPATH_SEARCH_PATHS = "$(inherited) @executable_path/../Frameworks @loader_path/../Frameworks";
				PRODUCT_BUNDLE_IDENTIFIER = me.neilpa.LightningKitTests;
				PRODUCT_NAME = "$(TARGET_NAME)";
			};
			name = Debug;
		};
		D8CE17561BAE2E7A00DE22DA /* Release */ = {
			isa = XCBuildConfiguration;
			buildSettings = {
				COMBINE_HIDPI_IMAGES = YES;
				COPY_PHASE_STRIP = NO;
				FRAMEWORK_SEARCH_PATHS = (
					"$(inherited)",
					"$(PROJECT_DIR)/Carthage/Build/Mac",
				);
				INFOPLIST_FILE = Tests/Info.plist;
				LD_RUNPATH_SEARCH_PATHS = "$(inherited) @executable_path/../Frameworks @loader_path/../Frameworks";
				PRODUCT_BUNDLE_IDENTIFIER = me.neilpa.LightningKitTests;
				PRODUCT_NAME = "$(TARGET_NAME)";
			};
			name = Release;
		};
		D8CE17741BAE376000DE22DA /* Debug */ = {
			isa = XCBuildConfiguration;
			buildSettings = {
				"CODE_SIGN_IDENTITY[sdk=iphoneos*]" = "iPhone Developer";
				DEFINES_MODULE = YES;
				DYLIB_COMPATIBILITY_VERSION = 1;
				DYLIB_CURRENT_VERSION = 1;
				DYLIB_INSTALL_NAME_BASE = "@rpath";
				FRAMEWORK_SEARCH_PATHS = (
					"$(inherited)",
					"$(PROJECT_DIR)/Carthage/Build/iOS",
				);
				INFOPLIST_FILE = Source/Info.plist;
				INSTALL_PATH = "$(LOCAL_LIBRARY_DIR)/Frameworks";
				IPHONEOS_DEPLOYMENT_TARGET = 9.0;
				LD_RUNPATH_SEARCH_PATHS = "$(inherited) @executable_path/Frameworks @loader_path/Frameworks";
				PRODUCT_BUNDLE_IDENTIFIER = me.neilpa.LightningKit;
				PRODUCT_NAME = "$(PROJECT_NAME)";
				SDKROOT = iphoneos;
				SKIP_INSTALL = YES;
				TARGETED_DEVICE_FAMILY = "1,2";
			};
			name = Debug;
		};
		D8CE17751BAE376000DE22DA /* Release */ = {
			isa = XCBuildConfiguration;
			buildSettings = {
				"CODE_SIGN_IDENTITY[sdk=iphoneos*]" = "iPhone Developer";
				COPY_PHASE_STRIP = NO;
				DEFINES_MODULE = YES;
				DYLIB_COMPATIBILITY_VERSION = 1;
				DYLIB_CURRENT_VERSION = 1;
				DYLIB_INSTALL_NAME_BASE = "@rpath";
				FRAMEWORK_SEARCH_PATHS = (
					"$(inherited)",
					"$(PROJECT_DIR)/Carthage/Build/iOS",
				);
				INFOPLIST_FILE = Source/Info.plist;
				INSTALL_PATH = "$(LOCAL_LIBRARY_DIR)/Frameworks";
				IPHONEOS_DEPLOYMENT_TARGET = 9.0;
				LD_RUNPATH_SEARCH_PATHS = "$(inherited) @executable_path/Frameworks @loader_path/Frameworks";
				PRODUCT_BUNDLE_IDENTIFIER = me.neilpa.LightningKit;
				PRODUCT_NAME = "$(PROJECT_NAME)";
				SDKROOT = iphoneos;
				SKIP_INSTALL = YES;
				TARGETED_DEVICE_FAMILY = "1,2";
				VALIDATE_PRODUCT = YES;
			};
			name = Release;
		};
		D8CE17761BAE376000DE22DA /* Debug */ = {
			isa = XCBuildConfiguration;
			buildSettings = {
				"CODE_SIGN_IDENTITY[sdk=iphoneos*]" = "iPhone Developer";
				FRAMEWORK_SEARCH_PATHS = (
					"$(inherited)",
					"$(PROJECT_DIR)/Carthage/Build/iOS",
				);
				INFOPLIST_FILE = Tests/Info.plist;
				IPHONEOS_DEPLOYMENT_TARGET = 9.0;
				LD_RUNPATH_SEARCH_PATHS = "$(inherited) @executable_path/Frameworks @loader_path/Frameworks";
				PRODUCT_BUNDLE_IDENTIFIER = me.neilpa.LightningKitTests;
				PRODUCT_NAME = "$(TARGET_NAME)";
				SDKROOT = iphoneos;
			};
			name = Debug;
		};
		D8CE17771BAE376000DE22DA /* Release */ = {
			isa = XCBuildConfiguration;
			buildSettings = {
				"CODE_SIGN_IDENTITY[sdk=iphoneos*]" = "iPhone Developer";
				COPY_PHASE_STRIP = NO;
				FRAMEWORK_SEARCH_PATHS = (
					"$(inherited)",
					"$(PROJECT_DIR)/Carthage/Build/iOS",
				);
				INFOPLIST_FILE = Tests/Info.plist;
				IPHONEOS_DEPLOYMENT_TARGET = 9.0;
				LD_RUNPATH_SEARCH_PATHS = "$(inherited) @executable_path/Frameworks @loader_path/Frameworks";
				PRODUCT_BUNDLE_IDENTIFIER = me.neilpa.LightningKitTests;
				PRODUCT_NAME = "$(TARGET_NAME)";
				SDKROOT = iphoneos;
				VALIDATE_PRODUCT = YES;
			};
			name = Release;
		};
		D8CE17A21BAE3AAB00DE22DA /* Debug */ = {
			isa = XCBuildConfiguration;
			buildSettings = {
				ASSETCATALOG_COMPILER_APPICON_NAME = AppIcon;
				"CODE_SIGN_IDENTITY[sdk=iphoneos*]" = "iPhone Developer";
				EMBEDDED_CONTENT_CONTAINS_SWIFT = YES;
				FRAMEWORK_SEARCH_PATHS = (
					"$(inherited)",
					"$(PROJECT_DIR)/Carthage/Build/iOS",
				);
				INFOPLIST_FILE = "$(SRCROOT)/Demo/Info.plist";
				IPHONEOS_DEPLOYMENT_TARGET = 9.0;
				LD_RUNPATH_SEARCH_PATHS = "$(inherited) @executable_path/Frameworks";
				PRODUCT_BUNDLE_IDENTIFIER = me.neilpa.LKDemo;
				PRODUCT_NAME = "$(TARGET_NAME)";
				SDKROOT = iphoneos;
				TARGETED_DEVICE_FAMILY = "1,2";
			};
			name = Debug;
		};
		D8CE17A31BAE3AAB00DE22DA /* Release */ = {
			isa = XCBuildConfiguration;
			buildSettings = {
				ASSETCATALOG_COMPILER_APPICON_NAME = AppIcon;
				"CODE_SIGN_IDENTITY[sdk=iphoneos*]" = "iPhone Developer";
				COPY_PHASE_STRIP = NO;
				EMBEDDED_CONTENT_CONTAINS_SWIFT = YES;
				FRAMEWORK_SEARCH_PATHS = (
					"$(inherited)",
					"$(PROJECT_DIR)/Carthage/Build/iOS",
				);
				INFOPLIST_FILE = "$(SRCROOT)/Demo/Info.plist";
				IPHONEOS_DEPLOYMENT_TARGET = 9.0;
				LD_RUNPATH_SEARCH_PATHS = "$(inherited) @executable_path/Frameworks";
				PRODUCT_BUNDLE_IDENTIFIER = me.neilpa.LKDemo;
				PRODUCT_NAME = "$(TARGET_NAME)";
				SDKROOT = iphoneos;
				TARGETED_DEVICE_FAMILY = "1,2";
				VALIDATE_PRODUCT = YES;
			};
			name = Release;
		};
/* End XCBuildConfiguration section */

/* Begin XCConfigurationList section */
		D876664A1B76660D00027E54 /* Build configuration list for PBXProject "LightningKit" */ = {
			isa = XCConfigurationList;
			buildConfigurations = (
				D87666631B76660D00027E54 /* Debug */,
				D87666641B76660D00027E54 /* Release */,
			);
			defaultConfigurationIsVisible = 0;
			defaultConfigurationName = Release;
		};
		D87666651B76660D00027E54 /* Build configuration list for PBXNativeTarget "LightningKit-Mac" */ = {
			isa = XCConfigurationList;
			buildConfigurations = (
				D87666661B76660D00027E54 /* Debug */,
				D87666671B76660D00027E54 /* Release */,
			);
			defaultConfigurationIsVisible = 0;
			defaultConfigurationName = Release;
		};
		D8CE17541BAE2E7A00DE22DA /* Build configuration list for PBXNativeTarget "LightningKitTests-Mac" */ = {
			isa = XCConfigurationList;
			buildConfigurations = (
				D8CE17551BAE2E7A00DE22DA /* Debug */,
				D8CE17561BAE2E7A00DE22DA /* Release */,
			);
			defaultConfigurationIsVisible = 0;
			defaultConfigurationName = Release;
		};
		D8CE17781BAE376000DE22DA /* Build configuration list for PBXNativeTarget "LightningKit-iOS" */ = {
			isa = XCConfigurationList;
			buildConfigurations = (
				D8CE17741BAE376000DE22DA /* Debug */,
				D8CE17751BAE376000DE22DA /* Release */,
			);
			defaultConfigurationIsVisible = 0;
			defaultConfigurationName = Release;
		};
		D8CE17791BAE376000DE22DA /* Build configuration list for PBXNativeTarget "LightningKitTests-iOS" */ = {
			isa = XCConfigurationList;
			buildConfigurations = (
				D8CE17761BAE376000DE22DA /* Debug */,
				D8CE17771BAE376000DE22DA /* Release */,
			);
			defaultConfigurationIsVisible = 0;
			defaultConfigurationName = Release;
		};
		D8CE17A11BAE3AAB00DE22DA /* Build configuration list for PBXNativeTarget "LKDemo" */ = {
			isa = XCConfigurationList;
			buildConfigurations = (
				D8CE17A21BAE3AAB00DE22DA /* Debug */,
				D8CE17A31BAE3AAB00DE22DA /* Release */,
			);
			defaultConfigurationIsVisible = 0;
			defaultConfigurationName = Release;
		};
/* End XCConfigurationList section */
	};
	rootObject = D87666471B76660D00027E54 /* Project object */;
}
